{
  "requires": true,
  "lockfileVersion": 1,
  "dependencies": {
    "xterm": {
      "version": "4.19.0",
      "resolved": "https://registry.npmjs.org/xterm/-/xterm-4.19.0.tgz",
      "integrity": "sha512-c3Cp4eOVsYY5Q839dR5IejghRPpxciGmLWWaP9g+ppfMeBChMeLa1DCA+pmX/jyDZ+zxFOmlJL/82qVdayVoGQ=="
    },
    "xterm-addon-fit": {
      "version": "0.5.0",
      "resolved": "https://registry.npmjs.org/xterm-addon-fit/-/xterm-addon-fit-0.5.0.tgz",
      "integrity": "sha512-DsS9fqhXHacEmsPxBJZvfj2la30Iz9xk+UKjhQgnYNkrUIN5CYLbw7WEfz117c7+S86S/tpHPfvNxJsF5/G8wQ=="
    },
    "xterm-addon-web-links": {
      "version": "0.6.0",
      "resolved": "https://registry.npmjs.org/xterm-addon-web-links/-/xterm-addon-web-links-0.6.0.tgz",
      "integrity": "sha512-H6XzjWWZu8FBo+fnYpxdPk9w5M6drbsvwPEJZGRS38MihiQaVFpKlCMKdfRgDbKGE530tw1yH54rhpZfHgt2/A=="
    }
  }
}
